# Reference rubix extension — the layout template for third-party authors.
#
# Per SCOPE Phase 5: this block contributes one extra tool, one skill,
# and one flow into the host's shared registries via starter-ext-flow
# (planned upstream — see docs/design/STARTER-CHANGES.md).
#
# Per SCOPE R8: extensions depend ONLY on rubix-extensions-sdk (the
# planned SDK) — never path-dep rubix-domain, rubix-tools, rubix-agent,
# or anything in starter/crates/.

id: com.rubix.example
version: 0.1.0
runtime:
  kind: process
  bin: rubix-example-extension

contributes:
  tools:
    - id: com.rubix.example.echo
      handler: EchoTool

  skills:
    - dir: skills/

  flows:
    - id: com.rubix.example.assistant
      flow_file: flows/example-assistant.yaml
      auth: { require_role: Reader }
